// !$*UTF8*$!
{
	archiveVersion = 1;
	classes = {
	};
	objectVersion = 46;
	objects = {

/* Begin PBXBuildFile section */
		566E78E31F09E69200D394B0 /* main.m in Sources */ = {isa = PBXBuildFile; fileRef = 566E78E21F09E69200D394B0 /* main.m */; };
		566E78E61F09E69200D394B0 /* AppDelegate.m in Sources */ = {isa = PBXBuildFile; fileRef = 566E78E51F09E69200D394B0 /* AppDelegate.m */; };
		566E78E91F09E69200D394B0 /* ViewController.m in Sources */ = {isa = PBXBuildFile; fileRef = 566E78E81F09E69200D394B0 /* ViewController.m */; };
		566E78EC1F09E69200D394B0 /* Main.storyboard in Resources */ = {isa = PBXBuildFile; fileRef = 566E78EA1F09E69200D394B0 /* Main.storyboard */; };
		566E78EF1F09E69200D394B0 /* Core_Data_Persistence.xcdatamodeld in Sources */ = {isa = PBXBuildFile; fileRef = 566E78ED1F09E69200D394B0 /* Core_Data_Persistence.xcdatamodeld */; };
		566E78F11F09E69200D394B0 /* Assets.xcassets in Resources */ = {isa = PBXBuildFile; fileRef = 566E78F01F09E69200D394B0 /* Assets.xcassets */; };
		566E78F41F09E69200D394B0 /* LaunchScreen.storyboard in Resources */ = {isa = PBXBuildFile; fileRef = 566E78F21F09E69200D394B0 /* LaunchScreen.storyboard */; };
/* End PBXBuildFile section */

/* Begin PBXFileReference section */
		566E78DE1F09E69200D394B0 /* Core Data Persistence.app */ = {isa = PBXFileReference; explicitFileType = wrapper.application; includeInIndex = 0; path = "Core Data Persistence.app"; sourceTree = BUILT_PRODUCTS_DIR; };
		566E78E21F09E69200D394B0 /* main.m */ = {isa = PBXFileReference; lastKnownFileType = sourcecode.c.objc; path = main.m; sourceTree = "<group>"; };
		566E78E41F09E69200D394B0 /* AppDelegate.h */ = {isa = PBXFileReference; lastKnownFileType = sourcecode.c.h; path = AppDelegate.h; sourceTree = "<group>"; };
		566E78E51F09E69200D394B0 /* AppDelegate.m */ = {isa = PBXFileReference; lastKnownFileType = sourcecode.c.objc; path = AppDelegate.m; sourceTree = "<group>"; };
		566E78E71F09E69200D394B0 /* ViewController.h */ = {isa = PBXFileReference; lastKnownFileType = sourcecode.c.h; path = ViewController.h; sourceTree = "<group>"; };
		566E78E81F09E69200D394B0 /* ViewController.m */ = {isa = PBXFileReference; lastKnownFileType = sourcecode.c.objc; path = ViewController.m; sourceTree = "<group>"; };
		566E78EB1F09E69200D394B0 /* Base */ = {isa = PBXFileReference; lastKnownFileType = file.storyboard; name = Base; path = Base.lproj/Main.storyboard; sourceTree = "<group>"; };
		566E78EE1F09E69200D394B0 /* Core_Data_Persistence.xcdatamodel */ = {isa = PBXFileReference; lastKnownFileType = wrapper.xcdatamodel; path = Core_Data_Persistence.xcdatamodel; sourceTree = "<group>"; };
		566E78F01F09E69200D394B0 /* Assets.xcassets */ = {isa = PBXFileReference; lastKnownFileType = folder.assetcatalog; path = Assets.xcassets; sourceTree = "<group>"; };
		566E78F31F09E69200D394B0 /* Base */ = {isa = PBXFileReference; lastKnownFileType = file.storyboard; name = Base; path = Base.lproj/LaunchScreen.storyboard; sourceTree = "<group>"; };
		566E78F51F09E69200D394B0 /* Info.plist */ = {isa = PBXFileReference; lastKnownFileType = text.plist.xml; path = Info.plist; sourceTree = "<group>"; };
/* End PBXFileReference section */

/* Begin PBXFrameworksBuildPhase section */
		566E78DB1F09E69200D394B0 /* Frameworks */ = {
			isa = PBXFrameworksBuildPhase;
			buildActionMask = 2147483647;
			files = (
			);
			runOnlyForDeploymentPostprocessing = 0;
		};
/* End PBXFrameworksBuildPhase section */

/* Begin PBXGroup section */
		566E78D51F09E69200D394B0 = {
			isa = PBXGroup;
			children = (
				566E78E01F09E69200D394B0 /* Core Data Persistence */,
				566E78DF1F09E69200D394B0 /* Products */,
			);
			sourceTree = "<group>";
		};
		566E78DF1F09E69200D394B0 /* Products */ = {
			isa = PBXGroup;
			children = (
				566E78DE1F09E69200D394B0 /* Core Data Persistence.app */,
			);
			name = Products;
			sourceTree = "<group>";
		};
		566E78E01F09E69200D394B0 /* Core Data Persistence */ = {
			isa = PBXGroup;
			children = (
				566E78E41F09E69200D394B0 /* AppDelegate.h */,
				566E78E51F09E69200D394B0 /* AppDelegate.m */,
				566E78E71F09E69200D394B0 /* ViewController.h */,
				566E78E81F09E69200D394B0 /* ViewController.m */,
				566E78EA1F09E69200D394B0 /* Main.storyboard */,
				566E78F01F09E69200D394B0 /* Assets.xcassets */,
				566E78F21F09E69200D394B0 /* LaunchScreen.storyboard */,
				566E78F51F09E69200D394B0 /* Info.plist */,
				566E78ED1F09E69200D394B0 /* Core_Data_Persistence.xcdatamodeld */,
				566E78E11F09E69200D394B0 /* Supporting Files */,
			);
			path = "Core Data Persistence";
			sourceTree = "<group>";
		};
		566E78E11F09E69200D394B0 /* Supporting Files */ = {
			isa = PBXGroup;
			children = (
				566E78E21F09E69200D394B0 /* main.m */,
			);
			name = "Supporting Files";
			sourceTree = "<group>";
		};
/* End PBXGroup section */

/* Begin PBXNativeTarget section */
		566E78DD1F09E69200D394B0 /* Core Data Persistence */ = {
			isa = PBXNativeTarget;
			buildConfigurationList = 566E78F81F09E69200D394B0 /* Build configuration list for PBXNativeTarget "Core Data Persistence" */;
			buildPhases = (
				566E78DA1F09E69200D394B0 /* Sources */,
				566E78DB1F09E69200D394B0 /* Frameworks */,
				566E78DC1F09E69200D394B0 /* Resources */,
			);
			buildRules = (
			);
			dependencies = (
			);
			name = "Core Data Persistence";
			productName = "Core Data Persistence";
			productReference = 566E78DE1F09E69200D394B0 /* Core Data Persistence.app */;
			productType = "com.apple.product-type.application";
		};
/* End PBXNativeTarget section */

/* Begin PBXProject section */
		566E78D61F09E69200D394B0 /* Project object */ = {
			isa = PBXProject;
			attributes = {
				LastUpgradeCheck = 0830;
				ORGANIZATIONNAME = rzz;
				TargetAttributes = {
					566E78DD1F09E69200D394B0 = {
						CreatedOnToolsVersion = 8.3;
						ProvisioningStyle = Automatic;
					};
				};
			};
			buildConfigurationList = 566E78D91F09E69200D394B0 /* Build configuration list for PBXProject "Core Data Persistence" */;
			compatibilityVersion = "Xcode 3.2";
			developmentRegion = English;
			hasScannedForEncodings = 0;
			knownRegions = (
				en,
				Base,
			);
			mainGroup = 566E78D51F09E69200D394B0;
			productRefGroup = 566E78DF1F09E69200D394B0 /* Products */;
			projectDirPath = "";
			projectRoot = "";
			targets = (
				566E78DD1F09E69200D394B0 /* Core Data Persistence */,
			);
		};
/* End PBXProject section */

/* Begin PBXResourcesBuildPhase section */
		566E78DC1F09E69200D394B0 /* Resources */ = {
			isa = PBXResourcesBuildPhase;
			buildActionMask = 2147483647;
			files = (
				566E78F41F09E69200D394B0 /* LaunchScreen.storyboard in Resources */,
				566E78F11F09E69200D394B0 /* Assets.xcassets in Resources */,
				566E78EC1F09E69200D394B0 /* Main.storyboard in Resources */,
			);
			runOnlyForDeploymentPostprocessing = 0;
		};
/* End PBXResourcesBuildPhase section */

/* Begin PBXSourcesBuildPhase section */
		566E78DA1F09E69200D394B0 /* Sources */ = {
			isa = PBXSourcesBuildPhase;
			buildActionMask = 2147483647;
			files = (
				566E78EF1F09E69200D394B0 /* Core_Data_Persistence.xcdatamodeld in Sources */,
				566E78E91F09E69200D394B0 /* ViewController.m in Sources */,
				566E78E61F09E69200D394B0 /* AppDelegate.m in Sources */,
				566E78E31F09E69200D394B0 /* main.m in Sources */,
			);
			runOnlyForDeploymentPostprocessing = 0;
		};
/* End PBXSourcesBuildPhase section */

/* Begin PBXVariantGroup section */
		566E78EA1F09E69200D394B0 /* Main.storyboard */ = {
			isa = PBXVariantGroup;
			children = (
				566E78EB1F09E69200D394B0 /* Base */,
			);
			name = Main.storyboard;
			sourceTree = "<group>";
		};
		566E78F21F09E69200D394B0 /* LaunchScreen.storyboard */ = {
			isa = PBXVariantGroup;
			children = (
				566E78F31F09E69200D394B0 /* Base */,
			);
			name = LaunchScreen.storyboard;
			sourceTree = "<group>";
		};
/* End PBXVariantGroup section */

/* Begin XCBuildConfiguration section */
		566E78F61F09E69200D394B0 /* Debug */ = {
			isa = XCBuildConfiguration;
			buildSettings = {
				ALWAYS_SEARCH_USER_PATHS = NO;
				CLANG_ANALYZER_NONNULL = YES;
				CLANG_ANALYZER_NUMBER_OBJECT_CONVERSION = YES_AGGRESSIVE;
				CLANG_CXX_LANGUAGE_STANDARD = "gnu++0x";
				CLANG_CXX_LIBRARY = "libc++";
				CLANG_ENABLE_MODULES = YES;
				CLANG_ENABLE_OBJC_ARC = YES;
				CLANG_WARN_BOOL_CONVERSION = YES;
				CLANG_WARN_CONSTANT_CONVERSION = YES;
				CLANG_WARN_DIRECT_OBJC_ISA_USAGE = YES_ERROR;
				CLANG_WARN_DOCUMENTATION_COMMENTS = YES;
				CLANG_WARN_EMPTY_BODY = YES;
				CLANG_WARN_ENUM_CONVERSION = YES;
				CLANG_WARN_INFINITE_RECURSION = YES;
				CLANG_WARN_INT_CONVERSION = YES;
				CLANG_WARN_OBJC_ROOT_CLASS = YES_ERROR;
				CLANG_WARN_SUSPICIOUS_MOVE = YES;
				CLANG_WARN_UNREACHABLE_CODE = YES;
				CLANG_WARN__DUPLICATE_METHOD_MATCH = YES;
				"CODE_SIGN_IDENTITY[sdk=iphoneos*]" = "iPhone Developer";
				COPY_PHASE_STRIP = NO;
				DEBUG_INFORMATION_FORMAT = dwarf;
				ENABLE_STRICT_OBJC_MSGSEND = YES;
				ENABLE_TESTABILITY = YES;
				GCC_C_LANGUAGE_STANDARD = gnu99;
				GCC_DYNAMIC_NO_PIC = NO;
				GCC_NO_COMMON_BLOCKS = YES;
				GCC_OPTIMIZATION_LEVEL = 0;
				GCC_PREPROCESSOR_DEFINITIONS = (
					"DEBUG=1",
					"$(inherited)",
				);
				GCC_WARN_64_TO_32_BIT_CONVERSION = YES;
				GCC_WARN_ABOUT_RETURN_TYPE = YES_ERROR;
				GCC_WARN_UNDECLARED_SELECTOR = YES;
				GCC_WARN_UNINITIALIZED_AUTOS = YES_AGGRESSIVE;
				GCC_WARN_UNUSED_FUNCTION = YES;
				GCC_WARN_UNUSED_VARIABLE = YES;
				IPHONEOS_DEPLOYMENT_TARGET = 10.3;
				MTL_ENABLE_DEBUG_INFO = YES;
				ONLY_ACTIVE_ARCH = YES;
				SDKROOT = iphoneos;
			};
			name = Debug;
		};
		566E78F71F09E69200D394B0 /* Release */ = {
			isa = XCBuildConfiguration;
			buildSettings = {
				ALWAYS_SEARCH_USER_PATHS = NO;
				CLANG_ANALYZER_NONNULL = YES;
				CLANG_ANALYZER_NUMBER_OBJECT_CONVERSION = YES_AGGRESSIVE;
				CLANG_CXX_LANGUAGE_STANDARD = "gnu++0x";
				CLANG_CXX_LIBRARY = "libc++";
				CLANG_ENABLE_MODULES = YES;
				CLANG_ENABLE_OBJC_ARC = YES;
				CLANG_WARN_BOOL_CONVERSION = YES;
				CLANG_WARN_CONSTANT_CONVERSION = YES;
				CLANG_WARN_DIRECT_OBJC_ISA_USAGE = YES_ERROR;
				CLANG_WARN_DOCUMENTATION_COMMENTS = YES;
				CLANG_WARN_EMPTY_BODY = YES;
				CLANG_WARN_ENUM_CONVERSION = YES;
				CLANG_WARN_INFINITE_RECURSION = YES;
				CLANG_WARN_INT_CONVERSION = YES;
				CLANG_WARN_OBJC_ROOT_CLASS = YES_ERROR;
				CLANG_WARN_SUSPICIOUS_MOVE = YES;
				CLANG_WARN_UNREACHABLE_CODE = YES;
				CLANG_WARN__DUPLICATE_METHOD_MATCH = YES;
				"CODE_SIGN_IDENTITY[sdk=iphoneos*]" = "iPhone Developer";
				COPY_PHASE_STRIP = NO;
				DEBUG_INFORMATION_FORMAT = "dwarf-with-dsym";
				ENABLE_NS_ASSERTIONS = NO;
				ENABLE_STRICT_OBJC_MSGSEND = YES;
				GCC_C_LANGUAGE_STANDARD = gnu99;
				GCC_NO_COMMON_BLOCKS = YES;
				GCC_WARN_64_TO_32_BIT_CONVERSION = YES;
				GCC_WARN_ABOUT_RETURN_TYPE = YES_ERROR;
				GCC_WARN_UNDECLARED_SELECTOR = YES;
				GCC_WARN_UNINITIALIZED_AUTOS = YES_AGGRESSIVE;
				GCC_WARN_UNUSED_FUNCTION = YES;
				GCC_WARN_UNUSED_VARIABLE = YES;
				IPHONEOS_DEPLOYMENT_TARGET = 10.3;
				MTL_ENABLE_DEBUG_INFO = NO;
				SDKROOT = iphoneos;
				VALIDATE_PRODUCT = YES;
			};
			name = Release;
		};
		566E78F91F09E69200D394B0 /* Debug */ = {
			isa = XCBuildConfiguration;
			buildSettings = {
				ASSETCATALOG_COMPILER_APPICON_NAME = AppIcon;
				INFOPLIST_FILE = "Core Data Persistence/Info.plist";
				LD_RUNPATH_SEARCH_PATHS = "$(inherited) @executable_path/Frameworks";
				PRODUCT_BUNDLE_IDENTIFIER = "rzz.Core-Data-Persistence";
				PRODUCT_NAME = "$(TARGET_NAME)";
			};
			name = Debug;
		};
		566E78FA1F09E69200D394B0 /* Release */ = {
			isa = XCBuildConfiguration;
			buildSettings = {
				ASSETCATALOG_COMPILER_APPICON_NAME = AppIcon;
				INFOPLIST_FILE = "Core Data Persistence/Info.plist";
				LD_RUNPATH_SEARCH_PATHS = "$(inherited) @executable_path/Frameworks";
				PRODUCT_BUNDLE_IDENTIFIER = "rzz.Core-Data-Persistence";
				PRODUCT_NAME = "$(TARGET_NAME)";
			};
			name = Release;
		};
/* End XCBuildConfiguration section */

/* Begin XCConfigurationList section */
		566E78D91F09E69200D394B0 /* Build configuration list for PBXProject "Core Data Persistence" */ = {
			isa = XCConfigurationList;
			buildConfigurations = (
				566E78F61F09E69200D394B0 /* Debug */,
				566E78F71F09E69200D394B0 /* Release */,
			);
			defaultConfigurationIsVisible = 0;
			defaultConfigurationName = Release;
		};
		566E78F81F09E69200D394B0 /* Build configuration list for PBXNativeTarget "Core Data Persistence" */ = {
			isa = XCConfigurationList;
			buildConfigurations = (
				566E78F91F09E69200D394B0 /* Debug */,
				566E78FA1F09E69200D394B0 /* Release */,
			);
			defaultConfigurationIsVisible = 0;
		};
/* End XCConfigurationList section */

/* Begin XCVersionGroup section */
		566E78ED1F09E69200D394B0 /* Core_Data_Persistence.xcdatamodeld */ = {
			isa = XCVersionGroup;
			children = (
				566E78EE1F09E69200D394B0 /* Core_Data_Persistence.xcdatamodel */,
			);
			currentVersion = 566E78EE1F09E69200D394B0 /* Core_Data_Persistence.xcdatamodel */;
			path = Core_Data_Persistence.xcdatamodeld;
			sourceTree = "<group>";
			versionGroupType = wrapper.xcdatamodel;
		};
/* End XCVersionGroup section */
	};
	rootObject = 566E78D61F09E69200D394B0 /* Project object */;
}
