// !$*UTF8*$!
{
	archiveVersion = 1;
	classes = {
	};
	objectVersion = 46;
	objects = {

/* Begin PBXBuildFile section */
		56AA78871EF8FED40054FA25 /* main.m in Sources */ = {isa = PBXBuildFile; fileRef = 56AA78861EF8FED40054FA25 /* main.m */; };
		56AA788A1EF8FED40054FA25 /* AppDelegate.m in Sources */ = {isa = PBXBuildFile; fileRef = 56AA78891EF8FED40054FA25 /* AppDelegate.m */; };
		56AA788D1EF8FED40054FA25 /* ViewController.m in Sources */ = {isa = PBXBuildFile; fileRef = 56AA788C1EF8FED40054FA25 /* ViewController.m */; };
		56AA78901EF8FED40054FA25 /* Main.storyboard in Resources */ = {isa = PBXBuildFile; fileRef = 56AA788E1EF8FED40054FA25 /* Main.storyboard */; };
		56AA78921EF8FED40054FA25 /* Assets.xcassets in Resources */ = {isa = PBXBuildFile; fileRef = 56AA78911EF8FED40054FA25 /* Assets.xcassets */; };
		56AA78951EF8FED40054FA25 /* LaunchScreen.storyboard in Resources */ = {isa = PBXBuildFile; fileRef = 56AA78931EF8FED40054FA25 /* LaunchScreen.storyboard */; };
		56AA789E1EF906E00054FA25 /* BIDFourLines.m in Sources */ = {isa = PBXBuildFile; fileRef = 56AA789D1EF906E00054FA25 /* BIDFourLines.m */; };
/* End PBXBuildFile section */

/* Begin PBXFileReference section */
		56AA78821EF8FED40054FA25 /* Persistence.app */ = {isa = PBXFileReference; explicitFileType = wrapper.application; includeInIndex = 0; path = Persistence.app; sourceTree = BUILT_PRODUCTS_DIR; };
		56AA78861EF8FED40054FA25 /* main.m */ = {isa = PBXFileReference; lastKnownFileType = sourcecode.c.objc; path = main.m; sourceTree = "<group>"; };
		56AA78881EF8FED40054FA25 /* AppDelegate.h */ = {isa = PBXFileReference; lastKnownFileType = sourcecode.c.h; path = AppDelegate.h; sourceTree = "<group>"; };
		56AA78891EF8FED40054FA25 /* AppDelegate.m */ = {isa = PBXFileReference; lastKnownFileType = sourcecode.c.objc; path = AppDelegate.m; sourceTree = "<group>"; };
		56AA788B1EF8FED40054FA25 /* ViewController.h */ = {isa = PBXFileReference; lastKnownFileType = sourcecode.c.h; path = ViewController.h; sourceTree = "<group>"; };
		56AA788C1EF8FED40054FA25 /* ViewController.m */ = {isa = PBXFileReference; lastKnownFileType = sourcecode.c.objc; path = ViewController.m; sourceTree = "<group>"; };
		56AA788F1EF8FED40054FA25 /* Base */ = {isa = PBXFileReference; lastKnownFileType = file.storyboard; name = Base; path = Base.lproj/Main.storyboard; sourceTree = "<group>"; };
		56AA78911EF8FED40054FA25 /* Assets.xcassets */ = {isa = PBXFileReference; lastKnownFileType = folder.assetcatalog; path = Assets.xcassets; sourceTree = "<group>"; };
		56AA78941EF8FED40054FA25 /* Base */ = {isa = PBXFileReference; lastKnownFileType = file.storyboard; name = Base; path = Base.lproj/LaunchScreen.storyboard; sourceTree = "<group>"; };
		56AA78961EF8FED40054FA25 /* Info.plist */ = {isa = PBXFileReference; lastKnownFileType = text.plist.xml; path = Info.plist; sourceTree = "<group>"; };
		56AA789C1EF906E00054FA25 /* BIDFourLines.h */ = {isa = PBXFileReference; fileEncoding = 4; lastKnownFileType = sourcecode.c.h; path = BIDFourLines.h; sourceTree = "<group>"; };
		56AA789D1EF906E00054FA25 /* BIDFourLines.m */ = {isa = PBXFileReference; fileEncoding = 4; lastKnownFileType = sourcecode.c.objc; path = BIDFourLines.m; sourceTree = "<group>"; };
/* End PBXFileReference section */

/* Begin PBXFrameworksBuildPhase section */
		56AA787F1EF8FED40054FA25 /* Frameworks */ = {
			isa = PBXFrameworksBuildPhase;
			buildActionMask = 2147483647;
			files = (
			);
			runOnlyForDeploymentPostprocessing = 0;
		};
/* End PBXFrameworksBuildPhase section */

/* Begin PBXGroup section */
		56AA78791EF8FED40054FA25 = {
			isa = PBXGroup;
			children = (
				56AA78841EF8FED40054FA25 /* Persistence */,
				56AA78831EF8FED40054FA25 /* Products */,
			);
			sourceTree = "<group>";
		};
		56AA78831EF8FED40054FA25 /* Products */ = {
			isa = PBXGroup;
			children = (
				56AA78821EF8FED40054FA25 /* Persistence.app */,
			);
			name = Products;
			sourceTree = "<group>";
		};
		56AA78841EF8FED40054FA25 /* Persistence */ = {
			isa = PBXGroup;
			children = (
				56AA78881EF8FED40054FA25 /* AppDelegate.h */,
				56AA78891EF8FED40054FA25 /* AppDelegate.m */,
				56AA788B1EF8FED40054FA25 /* ViewController.h */,
				56AA788C1EF8FED40054FA25 /* ViewController.m */,
				56AA788E1EF8FED40054FA25 /* Main.storyboard */,
				56AA789C1EF906E00054FA25 /* BIDFourLines.h */,
				56AA789D1EF906E00054FA25 /* BIDFourLines.m */,
				56AA78911EF8FED40054FA25 /* Assets.xcassets */,
				56AA78931EF8FED40054FA25 /* LaunchScreen.storyboard */,
				56AA78961EF8FED40054FA25 /* Info.plist */,
				56AA78851EF8FED40054FA25 /* Supporting Files */,
			);
			path = Persistence;
			sourceTree = "<group>";
		};
		56AA78851EF8FED40054FA25 /* Supporting Files */ = {
			isa = PBXGroup;
			children = (
				56AA78861EF8FED40054FA25 /* main.m */,
			);
			name = "Supporting Files";
			sourceTree = "<group>";
		};
/* End PBXGroup section */

/* Begin PBXNativeTarget section */
		56AA78811EF8FED40054FA25 /* Persistence */ = {
			isa = PBXNativeTarget;
			buildConfigurationList = 56AA78991EF8FED40054FA25 /* Build configuration list for PBXNativeTarget "Persistence" */;
			buildPhases = (
				56AA787E1EF8FED40054FA25 /* Sources */,
				56AA787F1EF8FED40054FA25 /* Frameworks */,
				56AA78801EF8FED40054FA25 /* Resources */,
			);
			buildRules = (
			);
			dependencies = (
			);
			name = Persistence;
			productName = Persistence;
			productReference = 56AA78821EF8FED40054FA25 /* Persistence.app */;
			productType = "com.apple.product-type.application";
		};
/* End PBXNativeTarget section */

/* Begin PBXProject section */
		56AA787A1EF8FED40054FA25 /* Project object */ = {
			isa = PBXProject;
			attributes = {
				LastUpgradeCheck = 0830;
				ORGANIZATIONNAME = rzz;
				TargetAttributes = {
					56AA78811EF8FED40054FA25 = {
						CreatedOnToolsVersion = 8.3;
						ProvisioningStyle = Automatic;
					};
				};
			};
			buildConfigurationList = 56AA787D1EF8FED40054FA25 /* Build configuration list for PBXProject "Persistence" */;
			compatibilityVersion = "Xcode 3.2";
			developmentRegion = English;
			hasScannedForEncodings = 0;
			knownRegions = (
				en,
				Base,
			);
			mainGroup = 56AA78791EF8FED40054FA25;
			productRefGroup = 56AA78831EF8FED40054FA25 /* Products */;
			projectDirPath = "";
			projectRoot = "";
			targets = (
				56AA78811EF8FED40054FA25 /* Persistence */,
			);
		};
/* End PBXProject section */

/* Begin PBXResourcesBuildPhase section */
		56AA78801EF8FED40054FA25 /* Resources */ = {
			isa = PBXResourcesBuildPhase;
			buildActionMask = 2147483647;
			files = (
				56AA78951EF8FED40054FA25 /* LaunchScreen.storyboard in Resources */,
				56AA78921EF8FED40054FA25 /* Assets.xcassets in Resources */,
				56AA78901EF8FED40054FA25 /* Main.storyboard in Resources */,
			);
			runOnlyForDeploymentPostprocessing = 0;
		};
/* End PBXResourcesBuildPhase section */

/* Begin PBXSourcesBuildPhase section */
		56AA787E1EF8FED40054FA25 /* Sources */ = {
			isa = PBXSourcesBuildPhase;
			buildActionMask = 2147483647;
			files = (
				56AA788D1EF8FED40054FA25 /* ViewController.m in Sources */,
				56AA788A1EF8FED40054FA25 /* AppDelegate.m in Sources */,
				56AA78871EF8FED40054FA25 /* main.m in Sources */,
				56AA789E1EF906E00054FA25 /* BIDFourLines.m in Sources */,
			);
			runOnlyForDeploymentPostprocessing = 0;
		};
/* End PBXSourcesBuildPhase section */

/* Begin PBXVariantGroup section */
		56AA788E1EF8FED40054FA25 /* Main.storyboard */ = {
			isa = PBXVariantGroup;
			children = (
				56AA788F1EF8FED40054FA25 /* Base */,
			);
			name = Main.storyboard;
			sourceTree = "<group>";
		};
		56AA78931EF8FED40054FA25 /* LaunchScreen.storyboard */ = {
			isa = PBXVariantGroup;
			children = (
				56AA78941EF8FED40054FA25 /* Base */,
			);
			name = LaunchScreen.storyboard;
			sourceTree = "<group>";
		};
/* End PBXVariantGroup section */

/* Begin XCBuildConfiguration section */
		56AA78971EF8FED40054FA25 /* Debug */ = {
			isa = XCBuildConfiguration;
			buildSettings = {
				ALWAYS_SEARCH_USER_PATHS = NO;
				CLANG_ANALYZER_NONNULL = YES;
				CLANG_ANALYZER_NUMBER_OBJECT_CONVERSION = YES_AGGRESSIVE;
				CLANG_CXX_LANGUAGE_STANDARD = "gnu++0x";
				CLANG_CXX_LIBRARY = "libc++";
				CLANG_ENABLE_MODULES = YES;
				CLANG_ENABLE_OBJC_ARC = YES;
				CLANG_WARN_BOOL_CONVERSION = YES;
				CLANG_WARN_CONSTANT_CONVERSION = YES;
				CLANG_WARN_DIRECT_OBJC_ISA_USAGE = YES_ERROR;
				CLANG_WARN_DOCUMENTATION_COMMENTS = YES;
				CLANG_WARN_EMPTY_BODY = YES;
				CLANG_WARN_ENUM_CONVERSION = YES;
				CLANG_WARN_INFINITE_RECURSION = YES;
				CLANG_WARN_INT_CONVERSION = YES;
				CLANG_WARN_OBJC_ROOT_CLASS = YES_ERROR;
				CLANG_WARN_SUSPICIOUS_MOVE = YES;
				CLANG_WARN_UNREACHABLE_CODE = YES;
				CLANG_WARN__DUPLICATE_METHOD_MATCH = YES;
				"CODE_SIGN_IDENTITY[sdk=iphoneos*]" = "iPhone Developer";
				COPY_PHASE_STRIP = NO;
				DEBUG_INFORMATION_FORMAT = dwarf;
				ENABLE_STRICT_OBJC_MSGSEND = YES;
				ENABLE_TESTABILITY = YES;
				GCC_C_LANGUAGE_STANDARD = gnu99;
				GCC_DYNAMIC_NO_PIC = NO;
				GCC_NO_COMMON_BLOCKS = YES;
				GCC_OPTIMIZATION_LEVEL = 0;
				GCC_PREPROCESSOR_DEFINITIONS = (
					"DEBUG=1",
					"$(inherited)",
				);
				GCC_WARN_64_TO_32_BIT_CONVERSION = YES;
				GCC_WARN_ABOUT_RETURN_TYPE = YES_ERROR;
				GCC_WARN_UNDECLARED_SELECTOR = YES;
				GCC_WARN_UNINITIALIZED_AUTOS = YES_AGGRESSIVE;
				GCC_WARN_UNUSED_FUNCTION = YES;
				GCC_WARN_UNUSED_VARIABLE = YES;
				IPHONEOS_DEPLOYMENT_TARGET = 10.3;
				MTL_ENABLE_DEBUG_INFO = YES;
				ONLY_ACTIVE_ARCH = YES;
				SDKROOT = iphoneos;
			};
			name = Debug;
		};
		56AA78981EF8FED40054FA25 /* Release */ = {
			isa = XCBuildConfiguration;
			buildSettings = {
				ALWAYS_SEARCH_USER_PATHS = NO;
				CLANG_ANALYZER_NONNULL = YES;
				CLANG_ANALYZER_NUMBER_OBJECT_CONVERSION = YES_AGGRESSIVE;
				CLANG_CXX_LANGUAGE_STANDARD = "gnu++0x";
				CLANG_CXX_LIBRARY = "libc++";
				CLANG_ENABLE_MODULES = YES;
				CLANG_ENABLE_OBJC_ARC = YES;
				CLANG_WARN_BOOL_CONVERSION = YES;
				CLANG_WARN_CONSTANT_CONVERSION = YES;
				CLANG_WARN_DIRECT_OBJC_ISA_USAGE = YES_ERROR;
				CLANG_WARN_DOCUMENTATION_COMMENTS = YES;
				CLANG_WARN_EMPTY_BODY = YES;
				CLANG_WARN_ENUM_CONVERSION = YES;
				CLANG_WARN_INFINITE_RECURSION = YES;
				CLANG_WARN_INT_CONVERSION = YES;
				CLANG_WARN_OBJC_ROOT_CLASS = YES_ERROR;
				CLANG_WARN_SUSPICIOUS_MOVE = YES;
				CLANG_WARN_UNREACHABLE_CODE = YES;
				CLANG_WARN__DUPLICATE_METHOD_MATCH = YES;
				"CODE_SIGN_IDENTITY[sdk=iphoneos*]" = "iPhone Developer";
				COPY_PHASE_STRIP = NO;
				DEBUG_INFORMATION_FORMAT = "dwarf-with-dsym";
				ENABLE_NS_ASSERTIONS = NO;
				ENABLE_STRICT_OBJC_MSGSEND = YES;
				GCC_C_LANGUAGE_STANDARD = gnu99;
				GCC_NO_COMMON_BLOCKS = YES;
				GCC_WARN_64_TO_32_BIT_CONVERSION = YES;
				GCC_WARN_ABOUT_RETURN_TYPE = YES_ERROR;
				GCC_WARN_UNDECLARED_SELECTOR = YES;
				GCC_WARN_UNINITIALIZED_AUTOS = YES_AGGRESSIVE;
				GCC_WARN_UNUSED_FUNCTION = YES;
				GCC_WARN_UNUSED_VARIABLE = YES;
				IPHONEOS_DEPLOYMENT_TARGET = 10.3;
				MTL_ENABLE_DEBUG_INFO = NO;
				SDKROOT = iphoneos;
				VALIDATE_PRODUCT = YES;
			};
			name = Release;
		};
		56AA789A1EF8FED40054FA25 /* Debug */ = {
			isa = XCBuildConfiguration;
			buildSettings = {
				ASSETCATALOG_COMPILER_APPICON_NAME = AppIcon;
				INFOPLIST_FILE = Persistence/Info.plist;
				LD_RUNPATH_SEARCH_PATHS = "$(inherited) @executable_path/Frameworks";
				PRODUCT_BUNDLE_IDENTIFIER = rzz.Persistence;
				PRODUCT_NAME = "$(TARGET_NAME)";
			};
			name = Debug;
		};
		56AA789B1EF8FED40054FA25 /* Release */ = {
			isa = XCBuildConfiguration;
			buildSettings = {
				ASSETCATALOG_COMPILER_APPICON_NAME = AppIcon;
				INFOPLIST_FILE = Persistence/Info.plist;
				LD_RUNPATH_SEARCH_PATHS = "$(inherited) @executable_path/Frameworks";
				PRODUCT_BUNDLE_IDENTIFIER = rzz.Persistence;
				PRODUCT_NAME = "$(TARGET_NAME)";
			};
			name = Release;
		};
/* End XCBuildConfiguration section */

/* Begin XCConfigurationList section */
		56AA787D1EF8FED40054FA25 /* Build configuration list for PBXProject "Persistence" */ = {
			isa = XCConfigurationList;
			buildConfigurations = (
				56AA78971EF8FED40054FA25 /* Debug */,
				56AA78981EF8FED40054FA25 /* Release */,
			);
			defaultConfigurationIsVisible = 0;
			defaultConfigurationName = Release;
		};
		56AA78991EF8FED40054FA25 /* Build configuration list for PBXNativeTarget "Persistence" */ = {
			isa = XCConfigurationList;
			buildConfigurations = (
				56AA789A1EF8FED40054FA25 /* Debug */,
				56AA789B1EF8FED40054FA25 /* Release */,
			);
			defaultConfigurationIsVisible = 0;
		};
/* End XCConfigurationList section */
	};
	rootObject = 56AA787A1EF8FED40054FA25 /* Project object */;
}
