// !$*UTF8*$!
{
	archiveVersion = 1;
	classes = {
	};
	objectVersion = 46;
	objects = {

/* Begin PBXBuildFile section */
		56100F241EF3DAF4000C0A2C /* main.m in Sources */ = {isa = PBXBuildFile; fileRef = 56100F231EF3DAF4000C0A2C /* main.m */; };
		56100F271EF3DAF4000C0A2C /* AppDelegate.m in Sources */ = {isa = PBXBuildFile; fileRef = 56100F261EF3DAF4000C0A2C /* AppDelegate.m */; };
		56100F2A1EF3DAF4000C0A2C /* ViewController.m in Sources */ = {isa = PBXBuildFile; fileRef = 56100F291EF3DAF4000C0A2C /* ViewController.m */; };
		56100F2F1EF3DAF4000C0A2C /* Assets.xcassets in Resources */ = {isa = PBXBuildFile; fileRef = 56100F2E1EF3DAF4000C0A2C /* Assets.xcassets */; };
		56100F3B1EF3DCAA000C0A2C /* BIDSwitchViewController.m in Sources */ = {isa = PBXBuildFile; fileRef = 56100F3A1EF3DCAA000C0A2C /* BIDSwitchViewController.m */; };
		56100F3E1EF3DCEA000C0A2C /* BIDBlueViewController.m in Sources */ = {isa = PBXBuildFile; fileRef = 56100F3D1EF3DCEA000C0A2C /* BIDBlueViewController.m */; };
		56100F411EF3DCF7000C0A2C /* BIDYellowViewController.m in Sources */ = {isa = PBXBuildFile; fileRef = 56100F401EF3DCF7000C0A2C /* BIDYellowViewController.m */; };
		56100F451EF3DD7A000C0A2C /* Main.storyboard in Resources */ = {isa = PBXBuildFile; fileRef = 56100F441EF3DD7A000C0A2C /* Main.storyboard */; };
/* End PBXBuildFile section */

/* Begin PBXFileReference section */
		56100F1F1EF3DAF4000C0A2C /* View Switcher.app */ = {isa = PBXFileReference; explicitFileType = wrapper.application; includeInIndex = 0; path = "View Switcher.app"; sourceTree = BUILT_PRODUCTS_DIR; };
		56100F231EF3DAF4000C0A2C /* main.m */ = {isa = PBXFileReference; lastKnownFileType = sourcecode.c.objc; path = main.m; sourceTree = "<group>"; };
		56100F251EF3DAF4000C0A2C /* AppDelegate.h */ = {isa = PBXFileReference; lastKnownFileType = sourcecode.c.h; path = AppDelegate.h; sourceTree = "<group>"; };
		56100F261EF3DAF4000C0A2C /* AppDelegate.m */ = {isa = PBXFileReference; lastKnownFileType = sourcecode.c.objc; path = AppDelegate.m; sourceTree = "<group>"; };
		56100F281EF3DAF4000C0A2C /* ViewController.h */ = {isa = PBXFileReference; lastKnownFileType = sourcecode.c.h; path = ViewController.h; sourceTree = "<group>"; };
		56100F291EF3DAF4000C0A2C /* ViewController.m */ = {isa = PBXFileReference; lastKnownFileType = sourcecode.c.objc; path = ViewController.m; sourceTree = "<group>"; };
		56100F2E1EF3DAF4000C0A2C /* Assets.xcassets */ = {isa = PBXFileReference; lastKnownFileType = folder.assetcatalog; path = Assets.xcassets; sourceTree = "<group>"; };
		56100F331EF3DAF4000C0A2C /* Info.plist */ = {isa = PBXFileReference; lastKnownFileType = text.plist.xml; path = Info.plist; sourceTree = "<group>"; };
		56100F391EF3DCAA000C0A2C /* BIDSwitchViewController.h */ = {isa = PBXFileReference; fileEncoding = 4; lastKnownFileType = sourcecode.c.h; path = BIDSwitchViewController.h; sourceTree = "<group>"; };
		56100F3A1EF3DCAA000C0A2C /* BIDSwitchViewController.m */ = {isa = PBXFileReference; fileEncoding = 4; lastKnownFileType = sourcecode.c.objc; path = BIDSwitchViewController.m; sourceTree = "<group>"; };
		56100F3C1EF3DCEA000C0A2C /* BIDBlueViewController.h */ = {isa = PBXFileReference; fileEncoding = 4; lastKnownFileType = sourcecode.c.h; path = BIDBlueViewController.h; sourceTree = "<group>"; };
		56100F3D1EF3DCEA000C0A2C /* BIDBlueViewController.m */ = {isa = PBXFileReference; fileEncoding = 4; lastKnownFileType = sourcecode.c.objc; path = BIDBlueViewController.m; sourceTree = "<group>"; };
		56100F3F1EF3DCF7000C0A2C /* BIDYellowViewController.h */ = {isa = PBXFileReference; fileEncoding = 4; lastKnownFileType = sourcecode.c.h; path = BIDYellowViewController.h; sourceTree = "<group>"; };
		56100F401EF3DCF7000C0A2C /* BIDYellowViewController.m */ = {isa = PBXFileReference; fileEncoding = 4; lastKnownFileType = sourcecode.c.objc; path = BIDYellowViewController.m; sourceTree = "<group>"; };
		56100F441EF3DD7A000C0A2C /* Main.storyboard */ = {isa = PBXFileReference; fileEncoding = 4; lastKnownFileType = file.storyboard; path = Main.storyboard; sourceTree = "<group>"; };
/* End PBXFileReference section */

/* Begin PBXFrameworksBuildPhase section */
		56100F1C1EF3DAF4000C0A2C /* Frameworks */ = {
			isa = PBXFrameworksBuildPhase;
			buildActionMask = 2147483647;
			files = (
			);
			runOnlyForDeploymentPostprocessing = 0;
		};
/* End PBXFrameworksBuildPhase section */

/* Begin PBXGroup section */
		56100F161EF3DAF4000C0A2C = {
			isa = PBXGroup;
			children = (
				56100F211EF3DAF4000C0A2C /* View Switcher */,
				56100F201EF3DAF4000C0A2C /* Products */,
			);
			sourceTree = "<group>";
		};
		56100F201EF3DAF4000C0A2C /* Products */ = {
			isa = PBXGroup;
			children = (
				56100F1F1EF3DAF4000C0A2C /* View Switcher.app */,
			);
			name = Products;
			sourceTree = "<group>";
		};
		56100F211EF3DAF4000C0A2C /* View Switcher */ = {
			isa = PBXGroup;
			children = (
				56100F251EF3DAF4000C0A2C /* AppDelegate.h */,
				56100F261EF3DAF4000C0A2C /* AppDelegate.m */,
				56100F281EF3DAF4000C0A2C /* ViewController.h */,
				56100F291EF3DAF4000C0A2C /* ViewController.m */,
				56100F391EF3DCAA000C0A2C /* BIDSwitchViewController.h */,
				56100F3A1EF3DCAA000C0A2C /* BIDSwitchViewController.m */,
				56100F3C1EF3DCEA000C0A2C /* BIDBlueViewController.h */,
				56100F3D1EF3DCEA000C0A2C /* BIDBlueViewController.m */,
				56100F3F1EF3DCF7000C0A2C /* BIDYellowViewController.h */,
				56100F401EF3DCF7000C0A2C /* BIDYellowViewController.m */,
				56100F441EF3DD7A000C0A2C /* Main.storyboard */,
				56100F2E1EF3DAF4000C0A2C /* Assets.xcassets */,
				56100F331EF3DAF4000C0A2C /* Info.plist */,
				56100F221EF3DAF4000C0A2C /* Supporting Files */,
			);
			path = "View Switcher";
			sourceTree = "<group>";
		};
		56100F221EF3DAF4000C0A2C /* Supporting Files */ = {
			isa = PBXGroup;
			children = (
				56100F231EF3DAF4000C0A2C /* main.m */,
			);
			name = "Supporting Files";
			sourceTree = "<group>";
		};
/* End PBXGroup section */

/* Begin PBXNativeTarget section */
		56100F1E1EF3DAF4000C0A2C /* View Switcher */ = {
			isa = PBXNativeTarget;
			buildConfigurationList = 56100F361EF3DAF4000C0A2C /* Build configuration list for PBXNativeTarget "View Switcher" */;
			buildPhases = (
				56100F1B1EF3DAF4000C0A2C /* Sources */,
				56100F1C1EF3DAF4000C0A2C /* Frameworks */,
				56100F1D1EF3DAF4000C0A2C /* Resources */,
			);
			buildRules = (
			);
			dependencies = (
			);
			name = "View Switcher";
			productName = "View Switcher";
			productReference = 56100F1F1EF3DAF4000C0A2C /* View Switcher.app */;
			productType = "com.apple.product-type.application";
		};
/* End PBXNativeTarget section */

/* Begin PBXProject section */
		56100F171EF3DAF4000C0A2C /* Project object */ = {
			isa = PBXProject;
			attributes = {
				LastUpgradeCheck = 0830;
				ORGANIZATIONNAME = rzz;
				TargetAttributes = {
					56100F1E1EF3DAF4000C0A2C = {
						CreatedOnToolsVersion = 8.3;
						ProvisioningStyle = Automatic;
					};
				};
			};
			buildConfigurationList = 56100F1A1EF3DAF4000C0A2C /* Build configuration list for PBXProject "View Switcher" */;
			compatibilityVersion = "Xcode 3.2";
			developmentRegion = English;
			hasScannedForEncodings = 0;
			knownRegions = (
				en,
				Base,
			);
			mainGroup = 56100F161EF3DAF4000C0A2C;
			productRefGroup = 56100F201EF3DAF4000C0A2C /* Products */;
			projectDirPath = "";
			projectRoot = "";
			targets = (
				56100F1E1EF3DAF4000C0A2C /* View Switcher */,
			);
		};
/* End PBXProject section */

/* Begin PBXResourcesBuildPhase section */
		56100F1D1EF3DAF4000C0A2C /* Resources */ = {
			isa = PBXResourcesBuildPhase;
			buildActionMask = 2147483647;
			files = (
				56100F2F1EF3DAF4000C0A2C /* Assets.xcassets in Resources */,
				56100F451EF3DD7A000C0A2C /* Main.storyboard in Resources */,
			);
			runOnlyForDeploymentPostprocessing = 0;
		};
/* End PBXResourcesBuildPhase section */

/* Begin PBXSourcesBuildPhase section */
		56100F1B1EF3DAF4000C0A2C /* Sources */ = {
			isa = PBXSourcesBuildPhase;
			buildActionMask = 2147483647;
			files = (
				56100F3B1EF3DCAA000C0A2C /* BIDSwitchViewController.m in Sources */,
				56100F2A1EF3DAF4000C0A2C /* ViewController.m in Sources */,
				56100F271EF3DAF4000C0A2C /* AppDelegate.m in Sources */,
				56100F3E1EF3DCEA000C0A2C /* BIDBlueViewController.m in Sources */,
				56100F411EF3DCF7000C0A2C /* BIDYellowViewController.m in Sources */,
				56100F241EF3DAF4000C0A2C /* main.m in Sources */,
			);
			runOnlyForDeploymentPostprocessing = 0;
		};
/* End PBXSourcesBuildPhase section */

/* Begin XCBuildConfiguration section */
		56100F341EF3DAF4000C0A2C /* Debug */ = {
			isa = XCBuildConfiguration;
			buildSettings = {
				ALWAYS_SEARCH_USER_PATHS = NO;
				CLANG_ANALYZER_NONNULL = YES;
				CLANG_ANALYZER_NUMBER_OBJECT_CONVERSION = YES_AGGRESSIVE;
				CLANG_CXX_LANGUAGE_STANDARD = "gnu++0x";
				CLANG_CXX_LIBRARY = "libc++";
				CLANG_ENABLE_MODULES = YES;
				CLANG_ENABLE_OBJC_ARC = YES;
				CLANG_WARN_BOOL_CONVERSION = YES;
				CLANG_WARN_CONSTANT_CONVERSION = YES;
				CLANG_WARN_DIRECT_OBJC_ISA_USAGE = YES_ERROR;
				CLANG_WARN_DOCUMENTATION_COMMENTS = YES;
				CLANG_WARN_EMPTY_BODY = YES;
				CLANG_WARN_ENUM_CONVERSION = YES;
				CLANG_WARN_INFINITE_RECURSION = YES;
				CLANG_WARN_INT_CONVERSION = YES;
				CLANG_WARN_OBJC_ROOT_CLASS = YES_ERROR;
				CLANG_WARN_SUSPICIOUS_MOVE = YES;
				CLANG_WARN_UNREACHABLE_CODE = YES;
				CLANG_WARN__DUPLICATE_METHOD_MATCH = YES;
				"CODE_SIGN_IDENTITY[sdk=iphoneos*]" = "iPhone Developer";
				COPY_PHASE_STRIP = NO;
				DEBUG_INFORMATION_FORMAT = dwarf;
				ENABLE_STRICT_OBJC_MSGSEND = YES;
				ENABLE_TESTABILITY = YES;
				GCC_C_LANGUAGE_STANDARD = gnu99;
				GCC_DYNAMIC_NO_PIC = NO;
				GCC_NO_COMMON_BLOCKS = YES;
				GCC_OPTIMIZATION_LEVEL = 0;
				GCC_PREPROCESSOR_DEFINITIONS = (
					"DEBUG=1",
					"$(inherited)",
				);
				GCC_WARN_64_TO_32_BIT_CONVERSION = YES;
				GCC_WARN_ABOUT_RETURN_TYPE = YES_ERROR;
				GCC_WARN_UNDECLARED_SELECTOR = YES;
				GCC_WARN_UNINITIALIZED_AUTOS = YES_AGGRESSIVE;
				GCC_WARN_UNUSED_FUNCTION = YES;
				GCC_WARN_UNUSED_VARIABLE = YES;
				IPHONEOS_DEPLOYMENT_TARGET = 10.3;
				MTL_ENABLE_DEBUG_INFO = YES;
				ONLY_ACTIVE_ARCH = YES;
				SDKROOT = iphoneos;
			};
			name = Debug;
		};
		56100F351EF3DAF4000C0A2C /* Release */ = {
			isa = XCBuildConfiguration;
			buildSettings = {
				ALWAYS_SEARCH_USER_PATHS = NO;
				CLANG_ANALYZER_NONNULL = YES;
				CLANG_ANALYZER_NUMBER_OBJECT_CONVERSION = YES_AGGRESSIVE;
				CLANG_CXX_LANGUAGE_STANDARD = "gnu++0x";
				CLANG_CXX_LIBRARY = "libc++";
				CLANG_ENABLE_MODULES = YES;
				CLANG_ENABLE_OBJC_ARC = YES;
				CLANG_WARN_BOOL_CONVERSION = YES;
				CLANG_WARN_CONSTANT_CONVERSION = YES;
				CLANG_WARN_DIRECT_OBJC_ISA_USAGE = YES_ERROR;
				CLANG_WARN_DOCUMENTATION_COMMENTS = YES;
				CLANG_WARN_EMPTY_BODY = YES;
				CLANG_WARN_ENUM_CONVERSION = YES;
				CLANG_WARN_INFINITE_RECURSION = YES;
				CLANG_WARN_INT_CONVERSION = YES;
				CLANG_WARN_OBJC_ROOT_CLASS = YES_ERROR;
				CLANG_WARN_SUSPICIOUS_MOVE = YES;
				CLANG_WARN_UNREACHABLE_CODE = YES;
				CLANG_WARN__DUPLICATE_METHOD_MATCH = YES;
				"CODE_SIGN_IDENTITY[sdk=iphoneos*]" = "iPhone Developer";
				COPY_PHASE_STRIP = NO;
				DEBUG_INFORMATION_FORMAT = "dwarf-with-dsym";
				ENABLE_NS_ASSERTIONS = NO;
				ENABLE_STRICT_OBJC_MSGSEND = YES;
				GCC_C_LANGUAGE_STANDARD = gnu99;
				GCC_NO_COMMON_BLOCKS = YES;
				GCC_WARN_64_TO_32_BIT_CONVERSION = YES;
				GCC_WARN_ABOUT_RETURN_TYPE = YES_ERROR;
				GCC_WARN_UNDECLARED_SELECTOR = YES;
				GCC_WARN_UNINITIALIZED_AUTOS = YES_AGGRESSIVE;
				GCC_WARN_UNUSED_FUNCTION = YES;
				GCC_WARN_UNUSED_VARIABLE = YES;
				IPHONEOS_DEPLOYMENT_TARGET = 10.3;
				MTL_ENABLE_DEBUG_INFO = NO;
				SDKROOT = iphoneos;
				VALIDATE_PRODUCT = YES;
			};
			name = Release;
		};
		56100F371EF3DAF4000C0A2C /* Debug */ = {
			isa = XCBuildConfiguration;
			buildSettings = {
				ASSETCATALOG_COMPILER_APPICON_NAME = AppIcon;
				ASSETCATALOG_COMPILER_LAUNCHIMAGE_NAME = LaunchImage;
				INFOPLIST_FILE = "View Switcher/Info.plist";
				LD_RUNPATH_SEARCH_PATHS = "$(inherited) @executable_path/Frameworks";
				PRODUCT_BUNDLE_IDENTIFIER = "rzz.View-Switcher";
				PRODUCT_NAME = "$(TARGET_NAME)";
			};
			name = Debug;
		};
		56100F381EF3DAF4000C0A2C /* Release */ = {
			isa = XCBuildConfiguration;
			buildSettings = {
				ASSETCATALOG_COMPILER_APPICON_NAME = AppIcon;
				ASSETCATALOG_COMPILER_LAUNCHIMAGE_NAME = LaunchImage;
				INFOPLIST_FILE = "View Switcher/Info.plist";
				LD_RUNPATH_SEARCH_PATHS = "$(inherited) @executable_path/Frameworks";
				PRODUCT_BUNDLE_IDENTIFIER = "rzz.View-Switcher";
				PRODUCT_NAME = "$(TARGET_NAME)";
			};
			name = Release;
		};
/* End XCBuildConfiguration section */

/* Begin XCConfigurationList section */
		56100F1A1EF3DAF4000C0A2C /* Build configuration list for PBXProject "View Switcher" */ = {
			isa = XCConfigurationList;
			buildConfigurations = (
				56100F341EF3DAF4000C0A2C /* Debug */,
				56100F351EF3DAF4000C0A2C /* Release */,
			);
			defaultConfigurationIsVisible = 0;
			defaultConfigurationName = Release;
		};
		56100F361EF3DAF4000C0A2C /* Build configuration list for PBXNativeTarget "View Switcher" */ = {
			isa = XCConfigurationList;
			buildConfigurations = (
				56100F371EF3DAF4000C0A2C /* Debug */,
				56100F381EF3DAF4000C0A2C /* Release */,
			);
			defaultConfigurationIsVisible = 0;
		};
/* End XCConfigurationList section */
	};
	rootObject = 56100F171EF3DAF4000C0A2C /* Project object */;
}
