// !$*UTF8*$!
{
	archiveVersion = 1;
	classes = {
	};
	objectVersion = 46;
	objects = {

/* Begin PBXBuildFile section */
		56DBFEC21EF56B9A00194396 /* main.m in Sources */ = {isa = PBXBuildFile; fileRef = 56DBFEC11EF56B9A00194396 /* main.m */; };
		56DBFEC51EF56B9A00194396 /* AppDelegate.m in Sources */ = {isa = PBXBuildFile; fileRef = 56DBFEC41EF56B9A00194396 /* AppDelegate.m */; };
		56DBFEC81EF56B9A00194396 /* ViewController.m in Sources */ = {isa = PBXBuildFile; fileRef = 56DBFEC71EF56B9A00194396 /* ViewController.m */; };
		56DBFECB1EF56B9A00194396 /* Main.storyboard in Resources */ = {isa = PBXBuildFile; fileRef = 56DBFEC91EF56B9A00194396 /* Main.storyboard */; };
		56DBFECD1EF56B9A00194396 /* Assets.xcassets in Resources */ = {isa = PBXBuildFile; fileRef = 56DBFECC1EF56B9A00194396 /* Assets.xcassets */; };
		56DBFED01EF56B9A00194396 /* LaunchScreen.storyboard in Resources */ = {isa = PBXBuildFile; fileRef = 56DBFECE1EF56B9A00194396 /* LaunchScreen.storyboard */; };
/* End PBXBuildFile section */

/* Begin PBXFileReference section */
		56DBFEBD1EF56B9A00194396 /* Simple Table.app */ = {isa = PBXFileReference; explicitFileType = wrapper.application; includeInIndex = 0; path = "Simple Table.app"; sourceTree = BUILT_PRODUCTS_DIR; };
		56DBFEC11EF56B9A00194396 /* main.m */ = {isa = PBXFileReference; lastKnownFileType = sourcecode.c.objc; path = main.m; sourceTree = "<group>"; };
		56DBFEC31EF56B9A00194396 /* AppDelegate.h */ = {isa = PBXFileReference; lastKnownFileType = sourcecode.c.h; path = AppDelegate.h; sourceTree = "<group>"; };
		56DBFEC41EF56B9A00194396 /* AppDelegate.m */ = {isa = PBXFileReference; lastKnownFileType = sourcecode.c.objc; path = AppDelegate.m; sourceTree = "<group>"; };
		56DBFEC61EF56B9A00194396 /* ViewController.h */ = {isa = PBXFileReference; lastKnownFileType = sourcecode.c.h; path = ViewController.h; sourceTree = "<group>"; };
		56DBFEC71EF56B9A00194396 /* ViewController.m */ = {isa = PBXFileReference; lastKnownFileType = sourcecode.c.objc; path = ViewController.m; sourceTree = "<group>"; };
		56DBFECA1EF56B9A00194396 /* Base */ = {isa = PBXFileReference; lastKnownFileType = file.storyboard; name = Base; path = Base.lproj/Main.storyboard; sourceTree = "<group>"; };
		56DBFECC1EF56B9A00194396 /* Assets.xcassets */ = {isa = PBXFileReference; lastKnownFileType = folder.assetcatalog; path = Assets.xcassets; sourceTree = "<group>"; };
		56DBFECF1EF56B9A00194396 /* Base */ = {isa = PBXFileReference; lastKnownFileType = file.storyboard; name = Base; path = Base.lproj/LaunchScreen.storyboard; sourceTree = "<group>"; };
		56DBFED11EF56B9A00194396 /* Info.plist */ = {isa = PBXFileReference; lastKnownFileType = text.plist.xml; path = Info.plist; sourceTree = "<group>"; };
/* End PBXFileReference section */

/* Begin PBXFrameworksBuildPhase section */
		56DBFEBA1EF56B9A00194396 /* Frameworks */ = {
			isa = PBXFrameworksBuildPhase;
			buildActionMask = 2147483647;
			files = (
			);
			runOnlyForDeploymentPostprocessing = 0;
		};
/* End PBXFrameworksBuildPhase section */

/* Begin PBXGroup section */
		56DBFEB41EF56B9A00194396 = {
			isa = PBXGroup;
			children = (
				56DBFEBF1EF56B9A00194396 /* Simple Table */,
				56DBFEBE1EF56B9A00194396 /* Products */,
			);
			sourceTree = "<group>";
		};
		56DBFEBE1EF56B9A00194396 /* Products */ = {
			isa = PBXGroup;
			children = (
				56DBFEBD1EF56B9A00194396 /* Simple Table.app */,
			);
			name = Products;
			sourceTree = "<group>";
		};
		56DBFEBF1EF56B9A00194396 /* Simple Table */ = {
			isa = PBXGroup;
			children = (
				56DBFEC31EF56B9A00194396 /* AppDelegate.h */,
				56DBFEC41EF56B9A00194396 /* AppDelegate.m */,
				56DBFEC61EF56B9A00194396 /* ViewController.h */,
				56DBFEC71EF56B9A00194396 /* ViewController.m */,
				56DBFEC91EF56B9A00194396 /* Main.storyboard */,
				56DBFECC1EF56B9A00194396 /* Assets.xcassets */,
				56DBFECE1EF56B9A00194396 /* LaunchScreen.storyboard */,
				56DBFED11EF56B9A00194396 /* Info.plist */,
				56DBFEC01EF56B9A00194396 /* Supporting Files */,
			);
			path = "Simple Table";
			sourceTree = "<group>";
		};
		56DBFEC01EF56B9A00194396 /* Supporting Files */ = {
			isa = PBXGroup;
			children = (
				56DBFEC11EF56B9A00194396 /* main.m */,
			);
			name = "Supporting Files";
			sourceTree = "<group>";
		};
/* End PBXGroup section */

/* Begin PBXNativeTarget section */
		56DBFEBC1EF56B9A00194396 /* Simple Table */ = {
			isa = PBXNativeTarget;
			buildConfigurationList = 56DBFED41EF56B9A00194396 /* Build configuration list for PBXNativeTarget "Simple Table" */;
			buildPhases = (
				56DBFEB91EF56B9A00194396 /* Sources */,
				56DBFEBA1EF56B9A00194396 /* Frameworks */,
				56DBFEBB1EF56B9A00194396 /* Resources */,
			);
			buildRules = (
			);
			dependencies = (
			);
			name = "Simple Table";
			productName = "Simple Table";
			productReference = 56DBFEBD1EF56B9A00194396 /* Simple Table.app */;
			productType = "com.apple.product-type.application";
		};
/* End PBXNativeTarget section */

/* Begin PBXProject section */
		56DBFEB51EF56B9A00194396 /* Project object */ = {
			isa = PBXProject;
			attributes = {
				LastUpgradeCheck = 0830;
				ORGANIZATIONNAME = rzz;
				TargetAttributes = {
					56DBFEBC1EF56B9A00194396 = {
						CreatedOnToolsVersion = 8.3;
						ProvisioningStyle = Automatic;
					};
				};
			};
			buildConfigurationList = 56DBFEB81EF56B9A00194396 /* Build configuration list for PBXProject "Simple Table" */;
			compatibilityVersion = "Xcode 3.2";
			developmentRegion = English;
			hasScannedForEncodings = 0;
			knownRegions = (
				en,
				Base,
			);
			mainGroup = 56DBFEB41EF56B9A00194396;
			productRefGroup = 56DBFEBE1EF56B9A00194396 /* Products */;
			projectDirPath = "";
			projectRoot = "";
			targets = (
				56DBFEBC1EF56B9A00194396 /* Simple Table */,
			);
		};
/* End PBXProject section */

/* Begin PBXResourcesBuildPhase section */
		56DBFEBB1EF56B9A00194396 /* Resources */ = {
			isa = PBXResourcesBuildPhase;
			buildActionMask = 2147483647;
			files = (
				56DBFED01EF56B9A00194396 /* LaunchScreen.storyboard in Resources */,
				56DBFECD1EF56B9A00194396 /* Assets.xcassets in Resources */,
				56DBFECB1EF56B9A00194396 /* Main.storyboard in Resources */,
			);
			runOnlyForDeploymentPostprocessing = 0;
		};
/* End PBXResourcesBuildPhase section */

/* Begin PBXSourcesBuildPhase section */
		56DBFEB91EF56B9A00194396 /* Sources */ = {
			isa = PBXSourcesBuildPhase;
			buildActionMask = 2147483647;
			files = (
				56DBFEC81EF56B9A00194396 /* ViewController.m in Sources */,
				56DBFEC51EF56B9A00194396 /* AppDelegate.m in Sources */,
				56DBFEC21EF56B9A00194396 /* main.m in Sources */,
			);
			runOnlyForDeploymentPostprocessing = 0;
		};
/* End PBXSourcesBuildPhase section */

/* Begin PBXVariantGroup section */
		56DBFEC91EF56B9A00194396 /* Main.storyboard */ = {
			isa = PBXVariantGroup;
			children = (
				56DBFECA1EF56B9A00194396 /* Base */,
			);
			name = Main.storyboard;
			sourceTree = "<group>";
		};
		56DBFECE1EF56B9A00194396 /* LaunchScreen.storyboard */ = {
			isa = PBXVariantGroup;
			children = (
				56DBFECF1EF56B9A00194396 /* Base */,
			);
			name = LaunchScreen.storyboard;
			sourceTree = "<group>";
		};
/* End PBXVariantGroup section */

/* Begin XCBuildConfiguration section */
		56DBFED21EF56B9A00194396 /* Debug */ = {
			isa = XCBuildConfiguration;
			buildSettings = {
				ALWAYS_SEARCH_USER_PATHS = NO;
				CLANG_ANALYZER_NONNULL = YES;
				CLANG_ANALYZER_NUMBER_OBJECT_CONVERSION = YES_AGGRESSIVE;
				CLANG_CXX_LANGUAGE_STANDARD = "gnu++0x";
				CLANG_CXX_LIBRARY = "libc++";
				CLANG_ENABLE_MODULES = YES;
				CLANG_ENABLE_OBJC_ARC = YES;
				CLANG_WARN_BOOL_CONVERSION = YES;
				CLANG_WARN_CONSTANT_CONVERSION = YES;
				CLANG_WARN_DIRECT_OBJC_ISA_USAGE = YES_ERROR;
				CLANG_WARN_DOCUMENTATION_COMMENTS = YES;
				CLANG_WARN_EMPTY_BODY = YES;
				CLANG_WARN_ENUM_CONVERSION = YES;
				CLANG_WARN_INFINITE_RECURSION = YES;
				CLANG_WARN_INT_CONVERSION = YES;
				CLANG_WARN_OBJC_ROOT_CLASS = YES_ERROR;
				CLANG_WARN_SUSPICIOUS_MOVE = YES;
				CLANG_WARN_UNREACHABLE_CODE = YES;
				CLANG_WARN__DUPLICATE_METHOD_MATCH = YES;
				"CODE_SIGN_IDENTITY[sdk=iphoneos*]" = "iPhone Developer";
				COPY_PHASE_STRIP = NO;
				DEBUG_INFORMATION_FORMAT = dwarf;
				ENABLE_STRICT_OBJC_MSGSEND = YES;
				ENABLE_TESTABILITY = YES;
				GCC_C_LANGUAGE_STANDARD = gnu99;
				GCC_DYNAMIC_NO_PIC = NO;
				GCC_NO_COMMON_BLOCKS = YES;
				GCC_OPTIMIZATION_LEVEL = 0;
				GCC_PREPROCESSOR_DEFINITIONS = (
					"DEBUG=1",
					"$(inherited)",
				);
				GCC_WARN_64_TO_32_BIT_CONVERSION = YES;
				GCC_WARN_ABOUT_RETURN_TYPE = YES_ERROR;
				GCC_WARN_UNDECLARED_SELECTOR = YES;
				GCC_WARN_UNINITIALIZED_AUTOS = YES_AGGRESSIVE;
				GCC_WARN_UNUSED_FUNCTION = YES;
				GCC_WARN_UNUSED_VARIABLE = YES;
				IPHONEOS_DEPLOYMENT_TARGET = 10.3;
				MTL_ENABLE_DEBUG_INFO = YES;
				ONLY_ACTIVE_ARCH = YES;
				SDKROOT = iphoneos;
			};
			name = Debug;
		};
		56DBFED31EF56B9A00194396 /* Release */ = {
			isa = XCBuildConfiguration;
			buildSettings = {
				ALWAYS_SEARCH_USER_PATHS = NO;
				CLANG_ANALYZER_NONNULL = YES;
				CLANG_ANALYZER_NUMBER_OBJECT_CONVERSION = YES_AGGRESSIVE;
				CLANG_CXX_LANGUAGE_STANDARD = "gnu++0x";
				CLANG_CXX_LIBRARY = "libc++";
				CLANG_ENABLE_MODULES = YES;
				CLANG_ENABLE_OBJC_ARC = YES;
				CLANG_WARN_BOOL_CONVERSION = YES;
				CLANG_WARN_CONSTANT_CONVERSION = YES;
				CLANG_WARN_DIRECT_OBJC_ISA_USAGE = YES_ERROR;
				CLANG_WARN_DOCUMENTATION_COMMENTS = YES;
				CLANG_WARN_EMPTY_BODY = YES;
				CLANG_WARN_ENUM_CONVERSION = YES;
				CLANG_WARN_INFINITE_RECURSION = YES;
				CLANG_WARN_INT_CONVERSION = YES;
				CLANG_WARN_OBJC_ROOT_CLASS = YES_ERROR;
				CLANG_WARN_SUSPICIOUS_MOVE = YES;
				CLANG_WARN_UNREACHABLE_CODE = YES;
				CLANG_WARN__DUPLICATE_METHOD_MATCH = YES;
				"CODE_SIGN_IDENTITY[sdk=iphoneos*]" = "iPhone Developer";
				COPY_PHASE_STRIP = NO;
				DEBUG_INFORMATION_FORMAT = "dwarf-with-dsym";
				ENABLE_NS_ASSERTIONS = NO;
				ENABLE_STRICT_OBJC_MSGSEND = YES;
				GCC_C_LANGUAGE_STANDARD = gnu99;
				GCC_NO_COMMON_BLOCKS = YES;
				GCC_WARN_64_TO_32_BIT_CONVERSION = YES;
				GCC_WARN_ABOUT_RETURN_TYPE = YES_ERROR;
				GCC_WARN_UNDECLARED_SELECTOR = YES;
				GCC_WARN_UNINITIALIZED_AUTOS = YES_AGGRESSIVE;
				GCC_WARN_UNUSED_FUNCTION = YES;
				GCC_WARN_UNUSED_VARIABLE = YES;
				IPHONEOS_DEPLOYMENT_TARGET = 10.3;
				MTL_ENABLE_DEBUG_INFO = NO;
				SDKROOT = iphoneos;
				VALIDATE_PRODUCT = YES;
			};
			name = Release;
		};
		56DBFED51EF56B9A00194396 /* Debug */ = {
			isa = XCBuildConfiguration;
			buildSettings = {
				ASSETCATALOG_COMPILER_APPICON_NAME = AppIcon;
				INFOPLIST_FILE = "Simple Table/Info.plist";
				LD_RUNPATH_SEARCH_PATHS = "$(inherited) @executable_path/Frameworks";
				PRODUCT_BUNDLE_IDENTIFIER = "rzz.Simple-Table";
				PRODUCT_NAME = "$(TARGET_NAME)";
			};
			name = Debug;
		};
		56DBFED61EF56B9A00194396 /* Release */ = {
			isa = XCBuildConfiguration;
			buildSettings = {
				ASSETCATALOG_COMPILER_APPICON_NAME = AppIcon;
				INFOPLIST_FILE = "Simple Table/Info.plist";
				LD_RUNPATH_SEARCH_PATHS = "$(inherited) @executable_path/Frameworks";
				PRODUCT_BUNDLE_IDENTIFIER = "rzz.Simple-Table";
				PRODUCT_NAME = "$(TARGET_NAME)";
			};
			name = Release;
		};
/* End XCBuildConfiguration section */

/* Begin XCConfigurationList section */
		56DBFEB81EF56B9A00194396 /* Build configuration list for PBXProject "Simple Table" */ = {
			isa = XCConfigurationList;
			buildConfigurations = (
				56DBFED21EF56B9A00194396 /* Debug */,
				56DBFED31EF56B9A00194396 /* Release */,
			);
			defaultConfigurationIsVisible = 0;
			defaultConfigurationName = Release;
		};
		56DBFED41EF56B9A00194396 /* Build configuration list for PBXNativeTarget "Simple Table" */ = {
			isa = XCConfigurationList;
			buildConfigurations = (
				56DBFED51EF56B9A00194396 /* Debug */,
				56DBFED61EF56B9A00194396 /* Release */,
			);
			defaultConfigurationIsVisible = 0;
		};
/* End XCConfigurationList section */
	};
	rootObject = 56DBFEB51EF56B9A00194396 /* Project object */;
}
